[{<<"bear">>,
  {git,"https://github.com/leo-project/bear.git",
       {ref,"91a7fd49f5b2dad2675c0ff01357a951f93fbf80"}},
  2},
 {<<"folsom">>,
  {git,"https://github.com/leo-project/folsom.git",
       {ref,"27efaf3e3bed50f7b4d15a339280b74319d3dcd3"}},
  1},
 {<<"leo_commons">>,
  {git,"https://github.com/leo-project/leo_commons.git",
       {ref,"14e747221e774332c555531ed0a4d5f499919236"}},
  2},
 {<<"leo_pod">>,
  {git,"https://github.com/leo-project/leo_pod.git",
       {ref,"b107ddf4d0fbd3ad768bd73ff4dd113939698848"}},
  2},
 {<<"leo_rpc">>,
  {git,"https://github.com/leo-project/leo_rpc.git",
       {ref,"08ea60b2fb26cc0e82eb4f3b79797590725b0913"}},
  1},
 {<<"meck">>,
  {git,"https://github.com/eproxus/meck.git",
       {ref,"d573888d1150780fabaad357870e4792ee83dc51"}},
  2},
 {<<"recon">>,
  {git,"https://github.com/ferd/recon.git",
       {ref,"c2a76855be3a226a3148c0dfc21ce000b6186ef8"}},
  0},
 {<<"savanna_commons">>,
  {git,"https://github.com/leo-project/savanna_commons.git",
       {ref,"699f6bcfa4d4edde17b0be973695af7a6478fd19"}},
  0}].
